PODS:
  - KeychainSwift (18.0.0)
  - lottie-ios (3.1.5)
  - NetworkingSwift-Binary (1.0.2)
  - PINCache (3.0.1-beta.7):
    - PINCache/Arc-exception-safe (= 3.0.1-beta.7)
    - PINCache/Core (= 3.0.1-beta.7)
  - PINCache/Arc-exception-safe (3.0.1-beta.7):
    - PINCache/Core
  - PINCache/Core (3.0.1-beta.7):
    - PINOperation (~> 1.1.1)
  - PINOperation (1.1.2)
  - PINRemoteImage (3.0.0-beta.14):
    - PINRemoteImage/PINCache (= 3.0.0-beta.14)
  - PINRemoteImage/Core (3.0.0-beta.14):
    - PINOperation
  - PINRemoteImage/iOS (3.0.0-beta.14):
    - PINRemoteImage/Core
  - PINRemoteImage/PINCache (3.0.0-beta.14):
    - PINCache (= 3.0.1-beta.7)
    - PINRemoteImage/Core
  - Starscream (3.1.1)
  - SwiftPhoenixClient (1.2.0):
    - Starscream (~> 3.1.0)
  - Texture (2.8.1):
    - Texture/AssetsLibrary (= 2.8.1)
    - Texture/Core (= 2.8.1)
    - Texture/MapKit (= 2.8.1)
    - Texture/Photos (= 2.8.1)
    - Texture/PINRemoteImage (= 2.8.1)
    - Texture/Video (= 2.8.1)
  - Texture/AssetsLibrary (2.8.1):
    - Texture/Core
  - Texture/Core (2.8.1)
  - Texture/MapKit (2.8.1):
    - Texture/Core
  - Texture/Photos (2.8.1):
    - Texture/Core
  - Texture/PINRemoteImage (2.8.1):
    - PINRemoteImage/iOS (= 3.0.0-beta.14)
    - PINRemoteImage/PINCache
    - Texture/Core
  - Texture/Video (2.8.1):
    - Texture/Core
  - UIObjc-Binary (1.0.0)
  - UISwift-Binary (1.0.0)
  - UtilSwift-Binary (1.0.0)

DEPENDENCIES:
  - KeychainSwift (= 18.0.0)
  - lottie-ios (= 3.1.5)
  - NetworkingSwift-Binary (from `./`)
  - PINCache (= 3.0.1-beta.7)
  - PINOperation (= 1.1.2)
  - PINRemoteImage (= 3.0.0-beta.14)
  - Starscream (= 3.1.1)
  - SwiftPhoenixClient (= 1.2.0)
  - Texture (from `https://github.com/TextureGroup/Texture.git`, branch `releases/p8.0`)
  - UIObjc-Binary (from `./`)
  - UISwift-Binary (from `./`)
  - UtilSwift-Binary (from `./`)

SPEC REPOS:
  https://cdn.cocoapods.org/:
    - KeychainSwift
    - lottie-ios
    - PINCache
    - PINOperation
    - PINRemoteImage
  https://github.com/CocoaPods/Specs.git:
    - Starscream
    - SwiftPhoenixClient

EXTERNAL SOURCES:
  NetworkingSwift-Binary:
    :path: "./"
  Texture:
    :branch: releases/p8.0
    :git: https://github.com/TextureGroup/Texture.git
  UIObjc-Binary:
    :path: "./"
  UISwift-Binary:
    :path: "./"
  UtilSwift-Binary:
    :path: "./"

CHECKOUT OPTIONS:
  Texture:
    :commit: d688ce3d2091fadfa85f89c9f915e442eb1f0de0
    :git: https://github.com/TextureGroup/Texture.git

SPEC CHECKSUMS:
  KeychainSwift: c46e1438d121e47459fb304ac88c5e058a2a91ed
  lottie-ios: 32bf84389337d86fbc8b12266e88452e0abf1dee
  NetworkingSwift-Binary: 70ede93fbe05278c472b8cb829979145f8a9fff8
  PINCache: 7cb9ae068c8f655717f7c644ef1dff9fd573e979
  PINOperation: 24b774353ca248fcf87d67b2d61eef42087c125a
  PINRemoteImage: 81bbff853acc71c6de9e106e9e489a791b8bbb08
  Starscream: 4bb2f9942274833f7b4d296a55504dcfc7edb7b0
  SwiftPhoenixClient: ba22ba809b345522afe478817d7cb51ee3d49365
  Texture: 6811322192a44ed35bcd53772aa8df8965d9796b
  UIObjc-Binary: 1c0d602eb0808599b0d8027fba3ff3c68c5d39d8
  UISwift-Binary: 1127d03f2049e0b593d615b5305685e43c2e9575
  UtilSwift-Binary: efed66a32f1783bc3b6c65cdcbb8d267347fac6d

PODFILE CHECKSUM: 5f7711568e50221a730bee5825281b96a8c288d8

COCOAPODS: 1.8.4
