PODS:
  - KeychainSwift (18.0.0)
  - NetworkingSwift (1.0.0)
  - UIObjc (1.0.0)
  - UISwift (1.0.0)
  - UtilObjc (1.0.0)
  - UtilSwift (1.0.0)

DEPENDENCIES:
  - KeychainSwift (= 18.0.0)
  - NetworkingSwift (from `MergedPods/NetworkingSwift`)
  - UIObjc (from `MergedPods/UIObjc`)
  - UISwift (from `MergedPods/UISwift`)
  - UtilObjc (from `MergedPods/UtilObjc`)
  - UtilSwift (from `MergedPods/UtilSwift`)

SPEC REPOS:
  https://cdn.cocoapods.org/:
    - KeychainSwift

EXTERNAL SOURCES:
  NetworkingSwift:
    :path: MergedPods/NetworkingSwift
  UIObjc:
    :path: MergedPods/UIObjc
  UISwift:
    :path: MergedPods/UISwift
  UtilObjc:
    :path: MergedPods/UtilObjc
  UtilSwift:
    :path: MergedPods/UtilSwift

SPEC CHECKSUMS:
  KeychainSwift: c46e1438d121e47459fb304ac88c5e058a2a91ed
  NetworkingSwift: a4bd9d6674ddb1540a7949ea0ac50eb20bdcba4b
  UIObjc: b0ad039c8ce0da10703a8c6902501a0b6c0b20db
  UISwift: 57ed3140a5742f946a735c9ae09a90a51dbbbde0
  UtilObjc: 607d5f35d4e7115e302e0e2fa3aa1e32ab0bf93b
  UtilSwift: 3dd3e4f3f0ecfb4c70cf594304b3f87bdac12e87

PODFILE CHECKSUM: 95d448c1cc1a8075e0c5e50acf19db7fcabe8e97

COCOAPODS: 1.8.4
